
Microsoft Visual Studio Solution File, Format Version 12.00
# Visual Studio Version 17
VisualStudioVersion = 17.3.32929.385
MinimumVisualStudioVersion = 10.0.40219.1
Project("{9A19103F-16F7-4668-BE54-9A1E7A4F7556}") = "Gesc.Api", "Gesc.Api\Gesc.Api.csproj", "{3126DD62-9F9D-4289-A16D-6C53658D0B45}"
EndProject
Project("{9A19103F-16F7-4668-BE54-9A1E7A4F7556}") = "Gesc.Test", "Gesc.Test\Gesc.Test.csproj", "{D3E301D5-1D46-41CE-B160-AFD454C1EA30}"
EndProject
Project("{9A19103F-16F7-4668-BE54-9A1E7A4F7556}") = "MsCommun", "..\MsCommun\MsCommun\MsCommun.csproj", "{340733C2-7472-4A35-AA69-E8B3A07F81E4}"
EndProject
Global
	GlobalSection(SolutionConfigurationPlatforms) = preSolution
		Debug|Any CPU = Debug|Any CPU
		Release|Any CPU = Release|Any CPU
	EndGlobalSection
	GlobalSection(ProjectConfigurationPlatforms) = postSolution
		{3126DD62-9F9D-4289-A16D-6C53658D0B45}.Debug|Any CPU.ActiveCfg = Debug|Any CPU
		{3126DD62-9F9D-4289-A16D-6C53658D0B45}.Debug|Any CPU.Build.0 = Debug|Any CPU
		{3126DD62-9F9D-4289-A16D-6C53658D0B45}.Release|Any CPU.ActiveCfg = Release|Any CPU
		{3126DD62-9F9D-4289-A16D-6C53658D0B45}.Release|Any CPU.Build.0 = Release|Any CPU
		{D3E301D5-1D46-41CE-B160-AFD454C1EA30}.Debug|Any CPU.ActiveCfg = Debug|Any CPU
		{D3E301D5-1D46-41CE-B160-AFD454C1EA30}.Debug|Any CPU.Build.0 = Debug|Any CPU
		{D3E301D5-1D46-41CE-B160-AFD454C1EA30}.Release|Any CPU.ActiveCfg = Release|Any CPU
		{D3E301D5-1D46-41CE-B160-AFD454C1EA30}.Release|Any CPU.Build.0 = Release|Any CPU
		{340733C2-7472-4A35-AA69-E8B3A07F81E4}.Debug|Any CPU.ActiveCfg = Debug|Any CPU
		{340733C2-7472-4A35-AA69-E8B3A07F81E4}.Debug|Any CPU.Build.0 = Debug|Any CPU
		{340733C2-7472-4A35-AA69-E8B3A07F81E4}.Release|Any CPU.ActiveCfg = Release|Any CPU
		{340733C2-7472-4A35-AA69-E8B3A07F81E4}.Release|Any CPU.Build.0 = Release|Any CPU
	EndGlobalSection
	GlobalSection(SolutionProperties) = preSolution
		HideSolutionNode = FALSE
	EndGlobalSection
	GlobalSection(ExtensibilityGlobals) = postSolution
		SolutionGuid = {BC2EA3F4-745F-45A9-8295-14CF0FBF641F}
	EndGlobalSection
EndGlobal
