
Microsoft Visual Studio Solution File, Format Version 12.00
# Visual Studio Version 17
VisualStudioVersion = 17.3.32929.385
MinimumVisualStudioVersion = 10.0.40219.1
Project("{9A19103F-16F7-4668-BE54-9A1E7A4F7556}") = "Gesc.Api", "Gesc.Api\Gesc.Api.csproj", "{DCDAC535-2B01-46CC-BACE-8056770A7703}"
EndProject
Project("{9A19103F-16F7-4668-BE54-9A1E7A4F7556}") = "Gesc.Tests", "Gesc.Tests\Gesc.Tests.csproj", "{B9DDCA02-C22B-47E3-BB68-34012625FF65}"
EndProject
Project("{2150E333-8FDC-42A3-9474-1A3956D46DE8}") = "Gesc_Sources", "Gesc_Sources", "{DE11D928-CE0A-4EEB-BBDC-90EA7EEED709}"
EndProject
Project("{2150E333-8FDC-42A3-9474-1A3956D46DE8}") = "Gesc_Tests", "Gesc_Tests", "{15B23066-33BF-4A50-8CAB-284BA111F156}"
EndProject
Project("{2150E333-8FDC-42A3-9474-1A3956D46DE8}") = "Domain", "Domain", "{3393D387-9AD6-4541-BE2A-DC4443CD7A51}"
EndProject
Project("{9A19103F-16F7-4668-BE54-9A1E7A4F7556}") = "Gesc.Domain", "Gesc.Domain\Gesc.Domain.csproj", "{8B80FB28-4588-447A-A9F3-A0CFF9999598}"
EndProject
Project("{2150E333-8FDC-42A3-9474-1A3956D46DE8}") = "Api", "Api", "{0C3797F2-F561-4D03-A139-4D0067C0DE95}"
EndProject
Project("{2150E333-8FDC-42A3-9474-1A3956D46DE8}") = "Application", "Application", "{6FAE4FE5-DDA0-481A-BEFC-82D36F75F3EB}"
EndProject
Project("{9A19103F-16F7-4668-BE54-9A1E7A4F7556}") = "Gesc.Application", "Gesc.Application\Gesc.Application.csproj", "{830A8DA0-F3BD-4665-B3A9-20F994550A24}"
EndProject
Project("{2150E333-8FDC-42A3-9474-1A3956D46DE8}") = "Data", "Data", "{59C384FD-A2A7-4392-A1D7-E3792678443E}"
EndProject
Project("{9A19103F-16F7-4668-BE54-9A1E7A4F7556}") = "Gesc.Data", "Gesc.Data\Gesc.Data.csproj", "{6927B913-4BD1-4738-8454-5DC0C6381207}"
EndProject
Project("{2150E333-8FDC-42A3-9474-1A3956D46DE8}") = "Features", "Features", "{FF7618B6-DA1D-4AD4-881B-809AE3815948}"
EndProject
Project("{9A19103F-16F7-4668-BE54-9A1E7A4F7556}") = "Gesc.Features", "Gesc.Features\Gesc.Features.csproj", "{49503E88-B91E-406B-80F3-3A796AA10F87}"
EndProject
Project("{2150E333-8FDC-42A3-9474-1A3956D46DE8}") = "Ioc", "Ioc", "{F0012081-0CBE-4582-82FC-1509D9AD1106}"
EndProject
Project("{FAE04EC0-301F-11D3-BF4B-00C04F79EFBC}") = "Gesc.InjectionDeDependance", "Gesc.InjectionDeDependance\Gesc.InjectionDeDependance.csproj", "{0FCDDD74-54EB-4D55-8479-9D38150DA47A}"
EndProject
Global
	GlobalSection(SolutionConfigurationPlatforms) = preSolution
		Debug|Any CPU = Debug|Any CPU
		Release|Any CPU = Release|Any CPU
	EndGlobalSection
	GlobalSection(ProjectConfigurationPlatforms) = postSolution
		{DCDAC535-2B01-46CC-BACE-8056770A7703}.Debug|Any CPU.ActiveCfg = Debug|Any CPU
		{DCDAC535-2B01-46CC-BACE-8056770A7703}.Debug|Any CPU.Build.0 = Debug|Any CPU
		{DCDAC535-2B01-46CC-BACE-8056770A7703}.Release|Any CPU.ActiveCfg = Release|Any CPU
		{DCDAC535-2B01-46CC-BACE-8056770A7703}.Release|Any CPU.Build.0 = Release|Any CPU
		{B9DDCA02-C22B-47E3-BB68-34012625FF65}.Debug|Any CPU.ActiveCfg = Debug|Any CPU
		{B9DDCA02-C22B-47E3-BB68-34012625FF65}.Debug|Any CPU.Build.0 = Debug|Any CPU
		{B9DDCA02-C22B-47E3-BB68-34012625FF65}.Release|Any CPU.ActiveCfg = Release|Any CPU
		{B9DDCA02-C22B-47E3-BB68-34012625FF65}.Release|Any CPU.Build.0 = Release|Any CPU
		{8B80FB28-4588-447A-A9F3-A0CFF9999598}.Debug|Any CPU.ActiveCfg = Debug|Any CPU
		{8B80FB28-4588-447A-A9F3-A0CFF9999598}.Debug|Any CPU.Build.0 = Debug|Any CPU
		{8B80FB28-4588-447A-A9F3-A0CFF9999598}.Release|Any CPU.ActiveCfg = Release|Any CPU
		{8B80FB28-4588-447A-A9F3-A0CFF9999598}.Release|Any CPU.Build.0 = Release|Any CPU
		{830A8DA0-F3BD-4665-B3A9-20F994550A24}.Debug|Any CPU.ActiveCfg = Debug|Any CPU
		{830A8DA0-F3BD-4665-B3A9-20F994550A24}.Debug|Any CPU.Build.0 = Debug|Any CPU
		{830A8DA0-F3BD-4665-B3A9-20F994550A24}.Release|Any CPU.ActiveCfg = Release|Any CPU
		{830A8DA0-F3BD-4665-B3A9-20F994550A24}.Release|Any CPU.Build.0 = Release|Any CPU
		{6927B913-4BD1-4738-8454-5DC0C6381207}.Debug|Any CPU.ActiveCfg = Debug|Any CPU
		{6927B913-4BD1-4738-8454-5DC0C6381207}.Debug|Any CPU.Build.0 = Debug|Any CPU
		{6927B913-4BD1-4738-8454-5DC0C6381207}.Release|Any CPU.ActiveCfg = Release|Any CPU
		{6927B913-4BD1-4738-8454-5DC0C6381207}.Release|Any CPU.Build.0 = Release|Any CPU
		{49503E88-B91E-406B-80F3-3A796AA10F87}.Debug|Any CPU.ActiveCfg = Debug|Any CPU
		{49503E88-B91E-406B-80F3-3A796AA10F87}.Debug|Any CPU.Build.0 = Debug|Any CPU
		{49503E88-B91E-406B-80F3-3A796AA10F87}.Release|Any CPU.ActiveCfg = Release|Any CPU
		{49503E88-B91E-406B-80F3-3A796AA10F87}.Release|Any CPU.Build.0 = Release|Any CPU
		{0FCDDD74-54EB-4D55-8479-9D38150DA47A}.Debug|Any CPU.ActiveCfg = Debug|Any CPU
		{0FCDDD74-54EB-4D55-8479-9D38150DA47A}.Debug|Any CPU.Build.0 = Debug|Any CPU
		{0FCDDD74-54EB-4D55-8479-9D38150DA47A}.Release|Any CPU.ActiveCfg = Release|Any CPU
		{0FCDDD74-54EB-4D55-8479-9D38150DA47A}.Release|Any CPU.Build.0 = Release|Any CPU
	EndGlobalSection
	GlobalSection(SolutionProperties) = preSolution
		HideSolutionNode = FALSE
	EndGlobalSection
	GlobalSection(NestedProjects) = preSolution
		{DCDAC535-2B01-46CC-BACE-8056770A7703} = {0C3797F2-F561-4D03-A139-4D0067C0DE95}
		{B9DDCA02-C22B-47E3-BB68-34012625FF65} = {15B23066-33BF-4A50-8CAB-284BA111F156}
		{3393D387-9AD6-4541-BE2A-DC4443CD7A51} = {DE11D928-CE0A-4EEB-BBDC-90EA7EEED709}
		{8B80FB28-4588-447A-A9F3-A0CFF9999598} = {3393D387-9AD6-4541-BE2A-DC4443CD7A51}
		{0C3797F2-F561-4D03-A139-4D0067C0DE95} = {DE11D928-CE0A-4EEB-BBDC-90EA7EEED709}
		{6FAE4FE5-DDA0-481A-BEFC-82D36F75F3EB} = {DE11D928-CE0A-4EEB-BBDC-90EA7EEED709}
		{830A8DA0-F3BD-4665-B3A9-20F994550A24} = {6FAE4FE5-DDA0-481A-BEFC-82D36F75F3EB}
		{59C384FD-A2A7-4392-A1D7-E3792678443E} = {DE11D928-CE0A-4EEB-BBDC-90EA7EEED709}
		{6927B913-4BD1-4738-8454-5DC0C6381207} = {59C384FD-A2A7-4392-A1D7-E3792678443E}
		{FF7618B6-DA1D-4AD4-881B-809AE3815948} = {DE11D928-CE0A-4EEB-BBDC-90EA7EEED709}
		{49503E88-B91E-406B-80F3-3A796AA10F87} = {FF7618B6-DA1D-4AD4-881B-809AE3815948}
		{F0012081-0CBE-4582-82FC-1509D9AD1106} = {DE11D928-CE0A-4EEB-BBDC-90EA7EEED709}
		{0FCDDD74-54EB-4D55-8479-9D38150DA47A} = {F0012081-0CBE-4582-82FC-1509D9AD1106}
	EndGlobalSection
	GlobalSection(ExtensibilityGlobals) = postSolution
		SolutionGuid = {3446C490-7ADE-47B8-BB7C-A89AF4C8E30E}
	EndGlobalSection
EndGlobal
